// !$*UTF8*$!
{
	archiveVersion = 1;
	classes = {
	};
	objectVersion = 51;
	objects = {

/* Begin PBXBuildFile section */
		4490AE728F704474B8FF6485 /* Pods_mosque_gazeteer.framework in Frameworks */ = {isa = PBXBuildFile; fileRef = 6154BA167A3EAFB1B4648EA2 /* Pods_mosque_gazeteer.framework */; };
		4CC39206EDC60374867C321C /* Pods_mosque_gazeteerTests.framework in Frameworks */ = {isa = PBXBuildFile; fileRef = C86BF9D85E3C0C9E262E37C6 /* Pods_mosque_gazeteerTests.framework */; };
		FE3764612336A44D005436CA /* SignInView.swift in Sources */ = {isa = PBXBuildFile; fileRef = FE3764602336A44D005436CA /* SignInView.swift */; };
		FE5564CE234012C100AEFB0E /* MosqueDetailView.swift in Sources */ = {isa = PBXBuildFile; fileRef = FE5564CD234012C100AEFB0E /* MosqueDetailView.swift */; };
		FE899BD62207AEDA004F0996 /* LocationViewController.swift in Sources */ = {isa = PBXBuildFile; fileRef = FE899BD52207AEDA004F0996 /* LocationViewController.swift */; };
		FE899BD82207C8EE004F0996 /* DateFormatter+Custom.swift in Sources */ = {isa = PBXBuildFile; fileRef = FE899BD72207C8EE004F0996 /* DateFormatter+Custom.swift */; };
		FEAF84CE220006C8002E49DA /* AppDelegate.swift in Sources */ = {isa = PBXBuildFile; fileRef = FEAF84CD220006C8002E49DA /* AppDelegate.swift */; };
		FEAF84D5220006CA002E49DA /* Assets.xcassets in Resources */ = {isa = PBXBuildFile; fileRef = FEAF84D4220006CA002E49DA /* Assets.xcassets */; };
		FEAF84D8220006CA002E49DA /* LaunchScreen.storyboard in Resources */ = {isa = PBXBuildFile; fileRef = FEAF84D6220006CA002E49DA /* LaunchScreen.storyboard */; };
		FEAF84EF22000C22002E49DA /* ApplicationService.swift in Sources */ = {isa = PBXBuildFile; fileRef = FEAF84EE22000C22002E49DA /* ApplicationService.swift */; };
		FEAF84F522001200002E49DA /* GoogleService-Info.plist in Resources */ = {isa = PBXBuildFile; fileRef = FEAF84F422001200002E49DA /* GoogleService-Info.plist */; };
		FEAF84F8220015B2002E49DA /* Mosque.swift in Sources */ = {isa = PBXBuildFile; fileRef = FEAF84F7220015B2002E49DA /* Mosque.swift */; };
		FEAF85042201EE2C002E49DA /* MosqueViewModel.swift in Sources */ = {isa = PBXBuildFile; fileRef = FEAF85032201EE2C002E49DA /* MosqueViewModel.swift */; };
		FEAF850922029F38002E49DA /* UITableView+Register.swift in Sources */ = {isa = PBXBuildFile; fileRef = FEAF850822029F38002E49DA /* UITableView+Register.swift */; };
		FEAF85102202A746002E49DA /* ApplicationLaunchService.swift in Sources */ = {isa = PBXBuildFile; fileRef = FEAF850F2202A746002E49DA /* ApplicationLaunchService.swift */; };
		FECF470A220AB18800DA3948 /* MosqueDataClient.swift in Sources */ = {isa = PBXBuildFile; fileRef = FECF4709220AB18800DA3948 /* MosqueDataClient.swift */; };
		FEE0C67723373C7100AAEE2D /* ApplicationTabbedView.swift in Sources */ = {isa = PBXBuildFile; fileRef = FEE0C67623373C7100AAEE2D /* ApplicationTabbedView.swift */; };
		FEE0C67A2337FA8500AAEE2D /* MosquesView.swift in Sources */ = {isa = PBXBuildFile; fileRef = FEE0C6792337FA8500AAEE2D /* MosquesView.swift */; };
		FEE0C67C2337FB3700AAEE2D /* MosqueView.swift in Sources */ = {isa = PBXBuildFile; fileRef = FEE0C67B2337FB3700AAEE2D /* MosqueView.swift */; };
		FEE0C67E23383DC800AAEE2D /* SalahView.swift in Sources */ = {isa = PBXBuildFile; fileRef = FEE0C67D23383DC800AAEE2D /* SalahView.swift */; };
		FEF50DBF220D48DB00229C4B /* SalahViewModel.swift in Sources */ = {isa = PBXBuildFile; fileRef = FEF50DBE220D48DB00229C4B /* SalahViewModel.swift */; };
		FEF50DC2220D490400229C4B /* SalahViewModelTests.swift in Sources */ = {isa = PBXBuildFile; fileRef = FEF50DC1220D490400229C4B /* SalahViewModelTests.swift */; };
		FEF50DC7220D4AC100229C4B /* Endpoint.swift in Sources */ = {isa = PBXBuildFile; fileRef = FEF50DC6220D4AC100229C4B /* Endpoint.swift */; };
		FEF50DCA220D4B8200229C4B /* MockMosqueDataClient.swift in Sources */ = {isa = PBXBuildFile; fileRef = FEF50DC9220D4B8200229C4B /* MockMosqueDataClient.swift */; };
/* End PBXBuildFile section */

/* Begin PBXContainerItemProxy section */
		FEAF84DF220006CA002E49DA /* PBXContainerItemProxy */ = {
			isa = PBXContainerItemProxy;
			containerPortal = FEAF84C2220006C8002E49DA /* Project object */;
			proxyType = 1;
			remoteGlobalIDString = FEAF84C9220006C8002E49DA;
			remoteInfo = "mosque-gazeteer";
		};
/* End PBXContainerItemProxy section */

/* Begin PBXFileReference section */
		3ABE663C4772990CBD9C3412 /* Pods-mosque-gazeteer.debug.xcconfig */ = {isa = PBXFileReference; includeInIndex = 1; lastKnownFileType = text.xcconfig; name = "Pods-mosque-gazeteer.debug.xcconfig"; path = "Pods/Target Support Files/Pods-mosque-gazeteer/Pods-mosque-gazeteer.debug.xcconfig"; sourceTree = "<group>"; };
		6154BA167A3EAFB1B4648EA2 /* Pods_mosque_gazeteer.framework */ = {isa = PBXFileReference; explicitFileType = wrapper.framework; includeInIndex = 0; path = Pods_mosque_gazeteer.framework; sourceTree = BUILT_PRODUCTS_DIR; };
		6B0122EB927A604512A10809 /* Pods-mosque-gazeteerTests.release.xcconfig */ = {isa = PBXFileReference; includeInIndex = 1; lastKnownFileType = text.xcconfig; name = "Pods-mosque-gazeteerTests.release.xcconfig"; path = "Pods/Target Support Files/Pods-mosque-gazeteerTests/Pods-mosque-gazeteerTests.release.xcconfig"; sourceTree = "<group>"; };
		C86BF9D85E3C0C9E262E37C6 /* Pods_mosque_gazeteerTests.framework */ = {isa = PBXFileReference; explicitFileType = wrapper.framework; includeInIndex = 0; path = Pods_mosque_gazeteerTests.framework; sourceTree = BUILT_PRODUCTS_DIR; };
		CDF93AAD030D0574B9951449 /* Pods-mosque-gazeteerTests.debug.xcconfig */ = {isa = PBXFileReference; includeInIndex = 1; lastKnownFileType = text.xcconfig; name = "Pods-mosque-gazeteerTests.debug.xcconfig"; path = "Pods/Target Support Files/Pods-mosque-gazeteerTests/Pods-mosque-gazeteerTests.debug.xcconfig"; sourceTree = "<group>"; };
		F95C5189D4CCF06C8347F2FF /* Pods-mosque-gazeteer.release.xcconfig */ = {isa = PBXFileReference; includeInIndex = 1; lastKnownFileType = text.xcconfig; name = "Pods-mosque-gazeteer.release.xcconfig"; path = "Pods/Target Support Files/Pods-mosque-gazeteer/Pods-mosque-gazeteer.release.xcconfig"; sourceTree = "<group>"; };
		FE3764602336A44D005436CA /* SignInView.swift */ = {isa = PBXFileReference; lastKnownFileType = sourcecode.swift; path = SignInView.swift; sourceTree = SOURCE_ROOT; };
		FE5564CD234012C100AEFB0E /* MosqueDetailView.swift */ = {isa = PBXFileReference; fileEncoding = 4; lastKnownFileType = sourcecode.swift; path = MosqueDetailView.swift; sourceTree = "<group>"; };
		FE899BD52207AEDA004F0996 /* LocationViewController.swift */ = {isa = PBXFileReference; lastKnownFileType = sourcecode.swift; path = LocationViewController.swift; sourceTree = "<group>"; };
		FE899BD72207C8EE004F0996 /* DateFormatter+Custom.swift */ = {isa = PBXFileReference; lastKnownFileType = sourcecode.swift; path = "DateFormatter+Custom.swift"; sourceTree = "<group>"; };
		FEAF84CA220006C8002E49DA /* mosque-gazeteer.app */ = {isa = PBXFileReference; explicitFileType = wrapper.application; includeInIndex = 0; path = "mosque-gazeteer.app"; sourceTree = BUILT_PRODUCTS_DIR; };
		FEAF84CD220006C8002E49DA /* AppDelegate.swift */ = {isa = PBXFileReference; lastKnownFileType = sourcecode.swift; path = AppDelegate.swift; sourceTree = "<group>"; };
		FEAF84D4220006CA002E49DA /* Assets.xcassets */ = {isa = PBXFileReference; lastKnownFileType = folder.assetcatalog; path = Assets.xcassets; sourceTree = "<group>"; };
		FEAF84D7220006CA002E49DA /* Base */ = {isa = PBXFileReference; lastKnownFileType = file.storyboard; name = Base; path = Base.lproj/LaunchScreen.storyboard; sourceTree = "<group>"; };
		FEAF84D9220006CA002E49DA /* Info.plist */ = {isa = PBXFileReference; lastKnownFileType = text.plist.xml; path = Info.plist; sourceTree = "<group>"; };
		FEAF84DE220006CA002E49DA /* mosque-gazeteerTests.xctest */ = {isa = PBXFileReference; explicitFileType = wrapper.cfbundle; includeInIndex = 0; path = "mosque-gazeteerTests.xctest"; sourceTree = BUILT_PRODUCTS_DIR; };
		FEAF84E4220006CA002E49DA /* Info.plist */ = {isa = PBXFileReference; lastKnownFileType = text.plist.xml; path = Info.plist; sourceTree = "<group>"; };
		FEAF84EE22000C22002E49DA /* ApplicationService.swift */ = {isa = PBXFileReference; lastKnownFileType = sourcecode.swift; path = ApplicationService.swift; sourceTree = "<group>"; };
		FEAF84F422001200002E49DA /* GoogleService-Info.plist */ = {isa = PBXFileReference; fileEncoding = 4; lastKnownFileType = text.plist.xml; path = "GoogleService-Info.plist"; sourceTree = "<group>"; };
		FEAF84F7220015B2002E49DA /* Mosque.swift */ = {isa = PBXFileReference; lastKnownFileType = sourcecode.swift; path = Mosque.swift; sourceTree = "<group>"; };
		FEAF85032201EE2C002E49DA /* MosqueViewModel.swift */ = {isa = PBXFileReference; lastKnownFileType = sourcecode.swift; path = MosqueViewModel.swift; sourceTree = "<group>"; };
		FEAF850822029F38002E49DA /* UITableView+Register.swift */ = {isa = PBXFileReference; lastKnownFileType = sourcecode.swift; path = "UITableView+Register.swift"; sourceTree = "<group>"; };
		FEAF850F2202A746002E49DA /* ApplicationLaunchService.swift */ = {isa = PBXFileReference; fileEncoding = 4; lastKnownFileType = sourcecode.swift; path = ApplicationLaunchService.swift; sourceTree = "<group>"; };
		FECF4709220AB18800DA3948 /* MosqueDataClient.swift */ = {isa = PBXFileReference; lastKnownFileType = sourcecode.swift; path = MosqueDataClient.swift; sourceTree = "<group>"; };
		FEE0C67623373C7100AAEE2D /* ApplicationTabbedView.swift */ = {isa = PBXFileReference; lastKnownFileType = sourcecode.swift; path = ApplicationTabbedView.swift; sourceTree = "<group>"; };
		FEE0C6792337FA8500AAEE2D /* MosquesView.swift */ = {isa = PBXFileReference; lastKnownFileType = sourcecode.swift; path = MosquesView.swift; sourceTree = "<group>"; };
		FEE0C67B2337FB3700AAEE2D /* MosqueView.swift */ = {isa = PBXFileReference; lastKnownFileType = sourcecode.swift; path = MosqueView.swift; sourceTree = "<group>"; };
		FEE0C67D23383DC800AAEE2D /* SalahView.swift */ = {isa = PBXFileReference; lastKnownFileType = sourcecode.swift; path = SalahView.swift; sourceTree = "<group>"; };
		FEF50DBE220D48DB00229C4B /* SalahViewModel.swift */ = {isa = PBXFileReference; lastKnownFileType = sourcecode.swift; path = SalahViewModel.swift; sourceTree = "<group>"; };
		FEF50DC1220D490400229C4B /* SalahViewModelTests.swift */ = {isa = PBXFileReference; lastKnownFileType = sourcecode.swift; path = SalahViewModelTests.swift; sourceTree = "<group>"; };
		FEF50DC6220D4AC100229C4B /* Endpoint.swift */ = {isa = PBXFileReference; lastKnownFileType = sourcecode.swift; path = Endpoint.swift; sourceTree = "<group>"; };
		FEF50DC9220D4B8200229C4B /* MockMosqueDataClient.swift */ = {isa = PBXFileReference; lastKnownFileType = sourcecode.swift; path = MockMosqueDataClient.swift; sourceTree = "<group>"; };
/* End PBXFileReference section */

/* Begin PBXFrameworksBuildPhase section */
		FEAF84C7220006C8002E49DA /* Frameworks */ = {
			isa = PBXFrameworksBuildPhase;
			buildActionMask = 2147483647;
			files = (
				4490AE728F704474B8FF6485 /* Pods_mosque_gazeteer.framework in Frameworks */,
			);
			runOnlyForDeploymentPostprocessing = 0;
		};
		FEAF84DB220006CA002E49DA /* Frameworks */ = {
			isa = PBXFrameworksBuildPhase;
			buildActionMask = 2147483647;
			files = (
				4CC39206EDC60374867C321C /* Pods_mosque_gazeteerTests.framework in Frameworks */,
			);
			runOnlyForDeploymentPostprocessing = 0;
		};
/* End PBXFrameworksBuildPhase section */

/* Begin PBXGroup section */
		802D3EFC942EDF2C3E75A2BE /* Pods */ = {
			isa = PBXGroup;
			children = (
				3ABE663C4772990CBD9C3412 /* Pods-mosque-gazeteer.debug.xcconfig */,
				F95C5189D4CCF06C8347F2FF /* Pods-mosque-gazeteer.release.xcconfig */,
				CDF93AAD030D0574B9951449 /* Pods-mosque-gazeteerTests.debug.xcconfig */,
				6B0122EB927A604512A10809 /* Pods-mosque-gazeteerTests.release.xcconfig */,
			);
			name = Pods;
			sourceTree = "<group>";
		};
		A4957D8B629113B4C6F13247 /* Frameworks */ = {
			isa = PBXGroup;
			children = (
				6154BA167A3EAFB1B4648EA2 /* Pods_mosque_gazeteer.framework */,
				C86BF9D85E3C0C9E262E37C6 /* Pods_mosque_gazeteerTests.framework */,
			);
			name = Frameworks;
			sourceTree = "<group>";
		};
		FE899BC522075E3C004F0996 /* UI */ = {
			isa = PBXGroup;
			children = (
				FEF50DE2220E39A400229C4B /* Account Tab */,
				FE899BD12207ACE4004F0996 /* Location Tab */,
				FEAF84FE2201ECFF002E49DA /* Mosques Tab */,
			);
			path = UI;
			sourceTree = "<group>";
		};
		FE899BD12207ACE4004F0996 /* Location Tab */ = {
			isa = PBXGroup;
			children = (
				FE899BD42207AEC8004F0996 /* ViewControllers */,
			);
			path = "Location Tab";
			sourceTree = "<group>";
		};
		FE899BD42207AEC8004F0996 /* ViewControllers */ = {
			isa = PBXGroup;
			children = (
				FE899BD52207AEDA004F0996 /* LocationViewController.swift */,
			);
			path = ViewControllers;
			sourceTree = "<group>";
		};
		FEAF84C1220006C8002E49DA = {
			isa = PBXGroup;
			children = (
				FEAF84CC220006C8002E49DA /* mosque-gazeteer */,
				FEAF84E1220006CA002E49DA /* mosque-gazeteerTests */,
				FEAF84CB220006C8002E49DA /* Products */,
				802D3EFC942EDF2C3E75A2BE /* Pods */,
				A4957D8B629113B4C6F13247 /* Frameworks */,
			);
			sourceTree = "<group>";
		};
		FEAF84CB220006C8002E49DA /* Products */ = {
			isa = PBXGroup;
			children = (
				FEAF84CA220006C8002E49DA /* mosque-gazeteer.app */,
				FEAF84DE220006CA002E49DA /* mosque-gazeteerTests.xctest */,
			);
			name = Products;
			sourceTree = "<group>";
		};
		FEAF84CC220006C8002E49DA /* mosque-gazeteer */ = {
			isa = PBXGroup;
			children = (
				FE899BC522075E3C004F0996 /* UI */,
				FEAF85162202AF97002E49DA /* Infrastructure */,
				FEAF850722029F26002E49DA /* Extensions */,
				FEAF84ED22000BDA002E49DA /* App Delegate Services */,
				FEAF84FB2201E8D3002E49DA /* Data Client */,
				FEAF84F62200157E002E49DA /* DataKit Models */,
				FEAF84F422001200002E49DA /* GoogleService-Info.plist */,
				FEAF84D4220006CA002E49DA /* Assets.xcassets */,
				FEAF84D6220006CA002E49DA /* LaunchScreen.storyboard */,
				FEAF84D9220006CA002E49DA /* Info.plist */,
			);
			path = "mosque-gazeteer";
			sourceTree = "<group>";
		};
		FEAF84E1220006CA002E49DA /* mosque-gazeteerTests */ = {
			isa = PBXGroup;
			children = (
				FEF50DC8220D4B7500229C4B /* Test Support */,
				FEF50DC0220D48F500229C4B /* View Models */,
				FEAF84E4220006CA002E49DA /* Info.plist */,
			);
			path = "mosque-gazeteerTests";
			sourceTree = "<group>";
		};
		FEAF84ED22000BDA002E49DA /* App Delegate Services */ = {
			isa = PBXGroup;
			children = (
				FEAF84CD220006C8002E49DA /* AppDelegate.swift */,
				FEAF850F2202A746002E49DA /* ApplicationLaunchService.swift */,
				FEAF84EE22000C22002E49DA /* ApplicationService.swift */,
			);
			path = "App Delegate Services";
			sourceTree = "<group>";
		};
		FEAF84F62200157E002E49DA /* DataKit Models */ = {
			isa = PBXGroup;
			children = (
				FEAF84F7220015B2002E49DA /* Mosque.swift */,
			);
			path = "DataKit Models";
			sourceTree = "<group>";
		};
		FEAF84FB2201E8D3002E49DA /* Data Client */ = {
			isa = PBXGroup;
			children = (
				FECF4709220AB18800DA3948 /* MosqueDataClient.swift */,
				FEF50DC6220D4AC100229C4B /* Endpoint.swift */,
			);
			path = "Data Client";
			sourceTree = "<group>";
		};
		FEAF84FE2201ECFF002E49DA /* Mosques Tab */ = {
			isa = PBXGroup;
			children = (
				FEE0C6782337FA7200AAEE2D /* Views */,
				FEF50DBD220D48CC00229C4B /* View Models */,
			);
			path = "Mosques Tab";
			sourceTree = "<group>";
		};
		FEAF850722029F26002E49DA /* Extensions */ = {
			isa = PBXGroup;
			children = (
				FEAF850822029F38002E49DA /* UITableView+Register.swift */,
				FE899BD72207C8EE004F0996 /* DateFormatter+Custom.swift */,
			);
			path = Extensions;
			sourceTree = "<group>";
		};
		FEAF85162202AF97002E49DA /* Infrastructure */ = {
			isa = PBXGroup;
			children = (
				FEE0C67623373C7100AAEE2D /* ApplicationTabbedView.swift */,
			);
			path = Infrastructure;
			sourceTree = "<group>";
		};
		FEE0C6782337FA7200AAEE2D /* Views */ = {
			isa = PBXGroup;
			children = (
				FE5564CD234012C100AEFB0E /* MosqueDetailView.swift */,
				FEE0C6792337FA8500AAEE2D /* MosquesView.swift */,
				FEE0C67B2337FB3700AAEE2D /* MosqueView.swift */,
				FEE0C67D23383DC800AAEE2D /* SalahView.swift */,
			);
			path = Views;
			sourceTree = "<group>";
		};
		FEF50DBD220D48CC00229C4B /* View Models */ = {
			isa = PBXGroup;
			children = (
				FEAF85032201EE2C002E49DA /* MosqueViewModel.swift */,
				FEF50DBE220D48DB00229C4B /* SalahViewModel.swift */,
			);
			path = "View Models";
			sourceTree = "<group>";
		};
		FEF50DC0220D48F500229C4B /* View Models */ = {
			isa = PBXGroup;
			children = (
				FEF50DC1220D490400229C4B /* SalahViewModelTests.swift */,
			);
			path = "View Models";
			sourceTree = "<group>";
		};
		FEF50DC8220D4B7500229C4B /* Test Support */ = {
			isa = PBXGroup;
			children = (
				FEF50DC9220D4B8200229C4B /* MockMosqueDataClient.swift */,
			);
			path = "Test Support";
			sourceTree = "<group>";
		};
		FEF50DE2220E39A400229C4B /* Account Tab */ = {
			isa = PBXGroup;
			children = (
				FEF50DE5220E39F400229C4B /* View Controllers */,
			);
			path = "Account Tab";
			sourceTree = "<group>";
		};
		FEF50DE5220E39F400229C4B /* View Controllers */ = {
			isa = PBXGroup;
			children = (
				FE3764602336A44D005436CA /* SignInView.swift */,
			);
			path = "View Controllers";
			sourceTree = "<group>";
		};
/* End PBXGroup section */

/* Begin PBXNativeTarget section */
		FEAF84C9220006C8002E49DA /* mosque-gazeteer */ = {
			isa = PBXNativeTarget;
			buildConfigurationList = FEAF84E7220006CA002E49DA /* Build configuration list for PBXNativeTarget "mosque-gazeteer" */;
			buildPhases = (
				0C505E152D052100EE3FDF1A /* [CP] Check Pods Manifest.lock */,
				FEAF84C6220006C8002E49DA /* Sources */,
				FEAF84C7220006C8002E49DA /* Frameworks */,
				FEAF84C8220006C8002E49DA /* Resources */,
				FE65603D22061AAF0063D8D3 /* ShellScript */,
			);
			buildRules = (
			);
			dependencies = (
			);
			name = "mosque-gazeteer";
			productName = "mosque-gazeteer";
			productReference = FEAF84CA220006C8002E49DA /* mosque-gazeteer.app */;
			productType = "com.apple.product-type.application";
		};
		FEAF84DD220006CA002E49DA /* mosque-gazeteerTests */ = {
			isa = PBXNativeTarget;
			buildConfigurationList = FEAF84EA220006CA002E49DA /* Build configuration list for PBXNativeTarget "mosque-gazeteerTests" */;
			buildPhases = (
				B9102CBEB92BE323BF4BBA31 /* [CP] Check Pods Manifest.lock */,
				FEAF84DA220006CA002E49DA /* Sources */,
				FEAF84DB220006CA002E49DA /* Frameworks */,
				FEAF84DC220006CA002E49DA /* Resources */,
				62340B8C3EA4663564BD7199 /* [CP] Embed Pods Frameworks */,
			);
			buildRules = (
			);
			dependencies = (
				FEAF84E0220006CA002E49DA /* PBXTargetDependency */,
			);
			name = "mosque-gazeteerTests";
			productName = "mosque-gazeteerTests";
			productReference = FEAF84DE220006CA002E49DA /* mosque-gazeteerTests.xctest */;
			productType = "com.apple.product-type.bundle.unit-test";
		};
/* End PBXNativeTarget section */

/* Begin PBXProject section */
		FEAF84C2220006C8002E49DA /* Project object */ = {
			isa = PBXProject;
			attributes = {
				LastSwiftUpdateCheck = 1010;
				LastUpgradeCheck = 1010;
				ORGANIZATIONNAME = HarisKhaliq;
				TargetAttributes = {
					FEAF84C9220006C8002E49DA = {
						CreatedOnToolsVersion = 10.1;
					};
					FEAF84DD220006CA002E49DA = {
						CreatedOnToolsVersion = 10.1;
						LastSwiftMigration = 1100;
						TestTargetID = FEAF84C9220006C8002E49DA;
					};
				};
			};
			buildConfigurationList = FEAF84C5220006C8002E49DA /* Build configuration list for PBXProject "mosque-gazeteer" */;
			compatibilityVersion = "Xcode 9.3";
			developmentRegion = en;
			hasScannedForEncodings = 0;
			knownRegions = (
				en,
				Base,
			);
			mainGroup = FEAF84C1220006C8002E49DA;
			productRefGroup = FEAF84CB220006C8002E49DA /* Products */;
			projectDirPath = "";
			projectRoot = "";
			targets = (
				FEAF84C9220006C8002E49DA /* mosque-gazeteer */,
				FEAF84DD220006CA002E49DA /* mosque-gazeteerTests */,
			);
		};
/* End PBXProject section */

/* Begin PBXResourcesBuildPhase section */
		FEAF84C8220006C8002E49DA /* Resources */ = {
			isa = PBXResourcesBuildPhase;
			buildActionMask = 2147483647;
			files = (
				FEAF84D8220006CA002E49DA /* LaunchScreen.storyboard in Resources */,
				FEAF84F522001200002E49DA /* GoogleService-Info.plist in Resources */,
				FEAF84D5220006CA002E49DA /* Assets.xcassets in Resources */,
			);
			runOnlyForDeploymentPostprocessing = 0;
		};
		FEAF84DC220006CA002E49DA /* Resources */ = {
			isa = PBXResourcesBuildPhase;
			buildActionMask = 2147483647;
			files = (
			);
			runOnlyForDeploymentPostprocessing = 0;
		};
/* End PBXResourcesBuildPhase section */

/* Begin PBXShellScriptBuildPhase section */
		0C505E152D052100EE3FDF1A /* [CP] Check Pods Manifest.lock */ = {
			isa = PBXShellScriptBuildPhase;
			buildActionMask = 2147483647;
			files = (
			);
			inputFileListPaths = (
			);
			inputPaths = (
				"${PODS_PODFILE_DIR_PATH}/Podfile.lock",
				"${PODS_ROOT}/Manifest.lock",
			);
			name = "[CP] Check Pods Manifest.lock";
			outputFileListPaths = (
			);
			outputPaths = (
				"$(DERIVED_FILE_DIR)/Pods-mosque-gazeteer-checkManifestLockResult.txt",
			);
			runOnlyForDeploymentPostprocessing = 0;
			shellPath = /bin/sh;
			shellScript = "diff \"${PODS_PODFILE_DIR_PATH}/Podfile.lock\" \"${PODS_ROOT}/Manifest.lock\" > /dev/null\nif [ $? != 0 ] ; then\n    # print error to STDERR\n    echo \"error: The sandbox is not in sync with the Podfile.lock. Run 'pod install' or update your CocoaPods installation.\" >&2\n    exit 1\nfi\n# This output is used by Xcode 'outputs' to avoid re-running this script phase.\necho \"SUCCESS\" > \"${SCRIPT_OUTPUT_FILE_0}\"\n";
			showEnvVarsInLog = 0;
		};
		62340B8C3EA4663564BD7199 /* [CP] Embed Pods Frameworks */ = {
			isa = PBXShellScriptBuildPhase;
			buildActionMask = 2147483647;
			files = (
			);
			inputFileListPaths = (
				"${PODS_ROOT}/Target Support Files/Pods-mosque-gazeteerTests/Pods-mosque-gazeteerTests-frameworks-${CONFIGURATION}-input-files.xcfilelist",
			);
			name = "[CP] Embed Pods Frameworks";
			outputFileListPaths = (
				"${PODS_ROOT}/Target Support Files/Pods-mosque-gazeteerTests/Pods-mosque-gazeteerTests-frameworks-${CONFIGURATION}-output-files.xcfilelist",
			);
			runOnlyForDeploymentPostprocessing = 0;
			shellPath = /bin/sh;
			shellScript = "\"${PODS_ROOT}/Target Support Files/Pods-mosque-gazeteerTests/Pods-mosque-gazeteerTests-frameworks.sh\"\n";
			showEnvVarsInLog = 0;
		};
		B9102CBEB92BE323BF4BBA31 /* [CP] Check Pods Manifest.lock */ = {
			isa = PBXShellScriptBuildPhase;
			buildActionMask = 2147483647;
			files = (
			);
			inputFileListPaths = (
			);
			inputPaths = (
				"${PODS_PODFILE_DIR_PATH}/Podfile.lock",
				"${PODS_ROOT}/Manifest.lock",
			);
			name = "[CP] Check Pods Manifest.lock";
			outputFileListPaths = (
			);
			outputPaths = (
				"$(DERIVED_FILE_DIR)/Pods-mosque-gazeteerTests-checkManifestLockResult.txt",
			);
			runOnlyForDeploymentPostprocessing = 0;
			shellPath = /bin/sh;
			shellScript = "diff \"${PODS_PODFILE_DIR_PATH}/Podfile.lock\" \"${PODS_ROOT}/Manifest.lock\" > /dev/null\nif [ $? != 0 ] ; then\n    # print error to STDERR\n    echo \"error: The sandbox is not in sync with the Podfile.lock. Run 'pod install' or update your CocoaPods installation.\" >&2\n    exit 1\nfi\n# This output is used by Xcode 'outputs' to avoid re-running this script phase.\necho \"SUCCESS\" > \"${SCRIPT_OUTPUT_FILE_0}\"\n";
			showEnvVarsInLog = 0;
		};
		FE65603D22061AAF0063D8D3 /* ShellScript */ = {
			isa = PBXShellScriptBuildPhase;
			buildActionMask = 2147483647;
			files = (
			);
			inputFileListPaths = (
			);
			inputPaths = (
			);
			outputFileListPaths = (
			);
			outputPaths = (
			);
			runOnlyForDeploymentPostprocessing = 0;
			shellPath = /bin/sh;
			shellScript = "if [ -z \"$CI\" ]; then\n    \"${PODS_ROOT}/SwiftLint/swiftlint\"\nfi\n";
		};
/* End PBXShellScriptBuildPhase section */

/* Begin PBXSourcesBuildPhase section */
		FEAF84C6220006C8002E49DA /* Sources */ = {
			isa = PBXSourcesBuildPhase;
			buildActionMask = 2147483647;
			files = (
				FEAF85102202A746002E49DA /* ApplicationLaunchService.swift in Sources */,
				FE899BD62207AEDA004F0996 /* LocationViewController.swift in Sources */,
				FEAF85042201EE2C002E49DA /* MosqueViewModel.swift in Sources */,
				FE899BD82207C8EE004F0996 /* DateFormatter+Custom.swift in Sources */,
				FECF470A220AB18800DA3948 /* MosqueDataClient.swift in Sources */,
				FEF50DBF220D48DB00229C4B /* SalahViewModel.swift in Sources */,
				FEAF84EF22000C22002E49DA /* ApplicationService.swift in Sources */,
				FEE0C67723373C7100AAEE2D /* ApplicationTabbedView.swift in Sources */,
				FEE0C67E23383DC800AAEE2D /* SalahView.swift in Sources */,
				FEE0C67A2337FA8500AAEE2D /* MosquesView.swift in Sources */,
				FE5564CE234012C100AEFB0E /* MosqueDetailView.swift in Sources */,
				FE3764612336A44D005436CA /* SignInView.swift in Sources */,
				FEF50DC7220D4AC100229C4B /* Endpoint.swift in Sources */,
				FEAF850922029F38002E49DA /* UITableView+Register.swift in Sources */,
				FEAF84F8220015B2002E49DA /* Mosque.swift in Sources */,
				FEE0C67C2337FB3700AAEE2D /* MosqueView.swift in Sources */,
				FEAF84CE220006C8002E49DA /* AppDelegate.swift in Sources */,
			);
			runOnlyForDeploymentPostprocessing = 0;
		};
		FEAF84DA220006CA002E49DA /* Sources */ = {
			isa = PBXSourcesBuildPhase;
			buildActionMask = 2147483647;
			files = (
				FEF50DCA220D4B8200229C4B /* MockMosqueDataClient.swift in Sources */,
				FEF50DC2220D490400229C4B /* SalahViewModelTests.swift in Sources */,
			);
			runOnlyForDeploymentPostprocessing = 0;
		};
/* End PBXSourcesBuildPhase section */

/* Begin PBXTargetDependency section */
		FEAF84E0220006CA002E49DA /* PBXTargetDependency */ = {
			isa = PBXTargetDependency;
			target = FEAF84C9220006C8002E49DA /* mosque-gazeteer */;
			targetProxy = FEAF84DF220006CA002E49DA /* PBXContainerItemProxy */;
		};
/* End PBXTargetDependency section */

/* Begin PBXVariantGroup section */
		FEAF84D6220006CA002E49DA /* LaunchScreen.storyboard */ = {
			isa = PBXVariantGroup;
			children = (
				FEAF84D7220006CA002E49DA /* Base */,
			);
			name = LaunchScreen.storyboard;
			sourceTree = "<group>";
		};
/* End PBXVariantGroup section */

/* Begin XCBuildConfiguration section */
		FEAF84E5220006CA002E49DA /* Debug */ = {
			isa = XCBuildConfiguration;
			buildSettings = {
				ALWAYS_SEARCH_USER_PATHS = NO;
				CLANG_ANALYZER_NONNULL = YES;
				CLANG_ANALYZER_NUMBER_OBJECT_CONVERSION = YES_AGGRESSIVE;
				CLANG_CXX_LANGUAGE_STANDARD = "gnu++14";
				CLANG_CXX_LIBRARY = "libc++";
				CLANG_ENABLE_MODULES = YES;
				CLANG_ENABLE_OBJC_ARC = YES;
				CLANG_ENABLE_OBJC_WEAK = YES;
				CLANG_WARN_BLOCK_CAPTURE_AUTORELEASING = YES;
				CLANG_WARN_BOOL_CONVERSION = YES;
				CLANG_WARN_COMMA = YES;
				CLANG_WARN_CONSTANT_CONVERSION = YES;
				CLANG_WARN_DEPRECATED_OBJC_IMPLEMENTATIONS = YES;
				CLANG_WARN_DIRECT_OBJC_ISA_USAGE = YES_ERROR;
				CLANG_WARN_DOCUMENTATION_COMMENTS = YES;
				CLANG_WARN_EMPTY_BODY = YES;
				CLANG_WARN_ENUM_CONVERSION = YES;
				CLANG_WARN_INFINITE_RECURSION = YES;
				CLANG_WARN_INT_CONVERSION = YES;
				CLANG_WARN_NON_LITERAL_NULL_CONVERSION = YES;
				CLANG_WARN_OBJC_IMPLICIT_RETAIN_SELF = YES;
				CLANG_WARN_OBJC_LITERAL_CONVERSION = YES;
				CLANG_WARN_OBJC_ROOT_CLASS = YES_ERROR;
				CLANG_WARN_RANGE_LOOP_ANALYSIS = YES;
				CLANG_WARN_STRICT_PROTOTYPES = YES;
				CLANG_WARN_SUSPICIOUS_MOVE = YES;
				CLANG_WARN_UNGUARDED_AVAILABILITY = YES_AGGRESSIVE;
				CLANG_WARN_UNREACHABLE_CODE = YES;
				CLANG_WARN__DUPLICATE_METHOD_MATCH = YES;
				CODE_SIGN_IDENTITY = "iPhone Developer";
				COPY_PHASE_STRIP = NO;
				DEBUG_INFORMATION_FORMAT = dwarf;
				ENABLE_STRICT_OBJC_MSGSEND = YES;
				ENABLE_TESTABILITY = YES;
				GCC_C_LANGUAGE_STANDARD = gnu11;
				GCC_DYNAMIC_NO_PIC = NO;
				GCC_NO_COMMON_BLOCKS = YES;
				GCC_OPTIMIZATION_LEVEL = 0;
				GCC_PREPROCESSOR_DEFINITIONS = (
					"DEBUG=1",
					"$(inherited)",
				);
				GCC_WARN_64_TO_32_BIT_CONVERSION = YES;
				GCC_WARN_ABOUT_RETURN_TYPE = YES_ERROR;
				GCC_WARN_UNDECLARED_SELECTOR = YES;
				GCC_WARN_UNINITIALIZED_AUTOS = YES_AGGRESSIVE;
				GCC_WARN_UNUSED_FUNCTION = YES;
				GCC_WARN_UNUSED_VARIABLE = YES;
				IPHONEOS_DEPLOYMENT_TARGET = 13.0;
				MTL_ENABLE_DEBUG_INFO = INCLUDE_SOURCE;
				MTL_FAST_MATH = YES;
				ONLY_ACTIVE_ARCH = YES;
				SDKROOT = iphoneos;
				SWIFT_ACTIVE_COMPILATION_CONDITIONS = DEBUG;
				SWIFT_OPTIMIZATION_LEVEL = "-Onone";
			};
			name = Debug;
		};
		FEAF84E6220006CA002E49DA /* Release */ = {
			isa = XCBuildConfiguration;
			buildSettings = {
				ALWAYS_SEARCH_USER_PATHS = NO;
				CLANG_ANALYZER_NONNULL = YES;
				CLANG_ANALYZER_NUMBER_OBJECT_CONVERSION = YES_AGGRESSIVE;
				CLANG_CXX_LANGUAGE_STANDARD = "gnu++14";
				CLANG_CXX_LIBRARY = "libc++";
				CLANG_ENABLE_MODULES = YES;
				CLANG_ENABLE_OBJC_ARC = YES;
				CLANG_ENABLE_OBJC_WEAK = YES;
				CLANG_WARN_BLOCK_CAPTURE_AUTORELEASING = YES;
				CLANG_WARN_BOOL_CONVERSION = YES;
				CLANG_WARN_COMMA = YES;
				CLANG_WARN_CONSTANT_CONVERSION = YES;
				CLANG_WARN_DEPRECATED_OBJC_IMPLEMENTATIONS = YES;
				CLANG_WARN_DIRECT_OBJC_ISA_USAGE = YES_ERROR;
				CLANG_WARN_DOCUMENTATION_COMMENTS = YES;
				CLANG_WARN_EMPTY_BODY = YES;
				CLANG_WARN_ENUM_CONVERSION = YES;
				CLANG_WARN_INFINITE_RECURSION = YES;
				CLANG_WARN_INT_CONVERSION = YES;
				CLANG_WARN_NON_LITERAL_NULL_CONVERSION = YES;
				CLANG_WARN_OBJC_IMPLICIT_RETAIN_SELF = YES;
				CLANG_WARN_OBJC_LITERAL_CONVERSION = YES;
				CLANG_WARN_OBJC_ROOT_CLASS = YES_ERROR;
				CLANG_WARN_RANGE_LOOP_ANALYSIS = YES;
				CLANG_WARN_STRICT_PROTOTYPES = YES;
				CLANG_WARN_SUSPICIOUS_MOVE = YES;
				CLANG_WARN_UNGUARDED_AVAILABILITY = YES_AGGRESSIVE;
				CLANG_WARN_UNREACHABLE_CODE = YES;
				CLANG_WARN__DUPLICATE_METHOD_MATCH = YES;
				CODE_SIGN_IDENTITY = "iPhone Developer";
				COPY_PHASE_STRIP = NO;
				DEBUG_INFORMATION_FORMAT = "dwarf-with-dsym";
				ENABLE_NS_ASSERTIONS = NO;
				ENABLE_STRICT_OBJC_MSGSEND = YES;
				GCC_C_LANGUAGE_STANDARD = gnu11;
				GCC_NO_COMMON_BLOCKS = YES;
				GCC_WARN_64_TO_32_BIT_CONVERSION = YES;
				GCC_WARN_ABOUT_RETURN_TYPE = YES_ERROR;
				GCC_WARN_UNDECLARED_SELECTOR = YES;
				GCC_WARN_UNINITIALIZED_AUTOS = YES_AGGRESSIVE;
				GCC_WARN_UNUSED_FUNCTION = YES;
				GCC_WARN_UNUSED_VARIABLE = YES;
				IPHONEOS_DEPLOYMENT_TARGET = 13.0;
				MTL_ENABLE_DEBUG_INFO = NO;
				MTL_FAST_MATH = YES;
				SDKROOT = iphoneos;
				SWIFT_COMPILATION_MODE = wholemodule;
				SWIFT_OPTIMIZATION_LEVEL = "-O";
				VALIDATE_PRODUCT = YES;
			};
			name = Release;
		};
		FEAF84E8220006CA002E49DA /* Debug */ = {
			isa = XCBuildConfiguration;
			baseConfigurationReference = 3ABE663C4772990CBD9C3412 /* Pods-mosque-gazeteer.debug.xcconfig */;
			buildSettings = {
				ASSETCATALOG_COMPILER_APPICON_NAME = AppIcon;
				CODE_SIGN_IDENTITY = "Apple Development";
				CODE_SIGN_STYLE = Automatic;
				DEVELOPMENT_TEAM = 975U2GAD59;
				INFOPLIST_FILE = "mosque-gazeteer/Info.plist";
				IPHONEOS_DEPLOYMENT_TARGET = 13.0;
				LD_RUNPATH_SEARCH_PATHS = (
					"$(inherited)",
					"@executable_path/Frameworks",
				);
				PRODUCT_BUNDLE_IDENTIFIER = com.mosque.gazeteer;
				PRODUCT_NAME = "$(TARGET_NAME)";
				PROVISIONING_PROFILE_SPECIFIER = "";
				SWIFT_VERSION = 5.0;
				TARGETED_DEVICE_FAMILY = "1,2";
			};
			name = Debug;
		};
		FEAF84E9220006CA002E49DA /* Release */ = {
			isa = XCBuildConfiguration;
			baseConfigurationReference = F95C5189D4CCF06C8347F2FF /* Pods-mosque-gazeteer.release.xcconfig */;
			buildSettings = {
				ASSETCATALOG_COMPILER_APPICON_NAME = AppIcon;
				CODE_SIGN_IDENTITY = "Apple Development";
				CODE_SIGN_STYLE = Automatic;
				DEVELOPMENT_TEAM = 975U2GAD59;
				INFOPLIST_FILE = "mosque-gazeteer/Info.plist";
				IPHONEOS_DEPLOYMENT_TARGET = 13.0;
				LD_RUNPATH_SEARCH_PATHS = (
					"$(inherited)",
					"@executable_path/Frameworks",
				);
				PRODUCT_BUNDLE_IDENTIFIER = com.mosque.gazeteer;
				PRODUCT_NAME = "$(TARGET_NAME)";
				PROVISIONING_PROFILE_SPECIFIER = "";
				SWIFT_VERSION = 5.0;
				TARGETED_DEVICE_FAMILY = "1,2";
			};
			name = Release;
		};
		FEAF84EB220006CA002E49DA /* Debug */ = {
			isa = XCBuildConfiguration;
			baseConfigurationReference = CDF93AAD030D0574B9951449 /* Pods-mosque-gazeteerTests.debug.xcconfig */;
			buildSettings = {
				ALWAYS_EMBED_SWIFT_STANDARD_LIBRARIES = YES;
				BUNDLE_LOADER = "$(TEST_HOST)";
				CODE_SIGN_STYLE = Automatic;
				DEVELOPMENT_TEAM = 23V3J6F3Y3;
				INFOPLIST_FILE = "mosque-gazeteerTests/Info.plist";
				IPHONEOS_DEPLOYMENT_TARGET = 13.0;
				LD_RUNPATH_SEARCH_PATHS = (
					"$(inherited)",
					"@executable_path/Frameworks",
					"@loader_path/Frameworks",
				);
				PRODUCT_BUNDLE_IDENTIFIER = "com.harisKhaliq.mosque-gazeteerTests";
				PRODUCT_NAME = "$(TARGET_NAME)";
				SWIFT_VERSION = 5.0;
				TARGETED_DEVICE_FAMILY = "1,2";
				TEST_HOST = "$(BUILT_PRODUCTS_DIR)/mosque-gazeteer.app/mosque-gazeteer";
			};
			name = Debug;
		};
		FEAF84EC220006CA002E49DA /* Release */ = {
			isa = XCBuildConfiguration;
			baseConfigurationReference = 6B0122EB927A604512A10809 /* Pods-mosque-gazeteerTests.release.xcconfig */;
			buildSettings = {
				ALWAYS_EMBED_SWIFT_STANDARD_LIBRARIES = YES;
				BUNDLE_LOADER = "$(TEST_HOST)";
				CODE_SIGN_STYLE = Automatic;
				DEVELOPMENT_TEAM = 23V3J6F3Y3;
				INFOPLIST_FILE = "mosque-gazeteerTests/Info.plist";
				IPHONEOS_DEPLOYMENT_TARGET = 13.0;
				LD_RUNPATH_SEARCH_PATHS = (
					"$(inherited)",
					"@executable_path/Frameworks",
					"@loader_path/Frameworks",
				);
				PRODUCT_BUNDLE_IDENTIFIER = "com.harisKhaliq.mosque-gazeteerTests";
				PRODUCT_NAME = "$(TARGET_NAME)";
				SWIFT_VERSION = 5.0;
				TARGETED_DEVICE_FAMILY = "1,2";
				TEST_HOST = "$(BUILT_PRODUCTS_DIR)/mosque-gazeteer.app/mosque-gazeteer";
			};
			name = Release;
		};
/* End XCBuildConfiguration section */

/* Begin XCConfigurationList section */
		FEAF84C5220006C8002E49DA /* Build configuration list for PBXProject "mosque-gazeteer" */ = {
			isa = XCConfigurationList;
			buildConfigurations = (
				FEAF84E5220006CA002E49DA /* Debug */,
				FEAF84E6220006CA002E49DA /* Release */,
			);
			defaultConfigurationIsVisible = 0;
			defaultConfigurationName = Release;
		};
		FEAF84E7220006CA002E49DA /* Build configuration list for PBXNativeTarget "mosque-gazeteer" */ = {
			isa = XCConfigurationList;
			buildConfigurations = (
				FEAF84E8220006CA002E49DA /* Debug */,
				FEAF84E9220006CA002E49DA /* Release */,
			);
			defaultConfigurationIsVisible = 0;
			defaultConfigurationName = Release;
		};
		FEAF84EA220006CA002E49DA /* Build configuration list for PBXNativeTarget "mosque-gazeteerTests" */ = {
			isa = XCConfigurationList;
			buildConfigurations = (
				FEAF84EB220006CA002E49DA /* Debug */,
				FEAF84EC220006CA002E49DA /* Release */,
			);
			defaultConfigurationIsVisible = 0;
			defaultConfigurationName = Release;
		};
/* End XCConfigurationList section */
	};
	rootObject = FEAF84C2220006C8002E49DA /* Project object */;
}
